{
    "_readme": [
        "This file locks the dependencies of your project to a known state",
        "Read more about it at https://getcomposer.org/doc/01-basic-usage.md#composer-lock-the-lock-file",
        "This file is @generated automatically"
    ],
    "hash": "47dbb68b7a71943cc678afee7a5429f9",
    "content-hash": "9ad841e543809b7a239236a48b08def6",
    "packages": [
        {
            "name": "phpforge/application",
            "version": "0.0.12",
            "source": {
                "type": "git",
                "url": "https://github.com/phpforge/application.git",
                "reference": "8b27b3584f9e229b70dab9d6f31b402c38afd67f"
            },
            "dist": {
                "type": "zip",
                "url": "https://api.github.com/repos/phpforge/application/zipball/8b27b3584f9e229b70dab9d6f31b402c38afd67f",
                "reference": "8b27b3584f9e229b70dab9d6f31b402c38afd67f",
                "shasum": ""
            },
            "require": {
                "phpforge/http": "0.0.2"
            },
            "type": "library",
            "autoload": {
                "psr-0": {
                    "Forge": "src/"
                }
            },
            "notification-url": "https://packagist.org/downloads/",
            "description": "Forge application",
            "time": "2016-11-19 08:02:14"
        },
        {
            "name": "phpforge/http",
            "version": "0.0.2",
            "source": {
                "type": "git",
                "url": "https://github.com/phpforge/http.git",
                "reference": "479ed32fe713ef0079d9f0c50fdfcddf773178cd"
            },
            "dist": {
                "type": "zip",
                "url": "https://api.github.com/repos/phpforge/http/zipball/479ed32fe713ef0079d9f0c50fdfcddf773178cd",
                "reference": "479ed32fe713ef0079d9f0c50fdfcddf773178cd",
                "shasum": ""
            },
            "type": "library",
            "autoload": {
                "psr-0": {
                    "Forge": "src/"
                }
            },
            "notification-url": "https://packagist.org/downloads/",
            "description": "Forge Http",
            "time": "2015-07-05 01:41:33"
        },
        {
            "name": "phpforge/module-main",
            "version": "dev-master",
            "source": {
                "type": "git",
                "url": "https://github.com/phpforge/module-main.git",
                "reference": "f7282c788d5636bf129c357cbd3ed86d3a441fc3"
            },
            "dist": {
                "type": "zip",
                "url": "https://api.github.com/repos/phpforge/module-main/zipball/f7282c788d5636bf129c357cbd3ed86d3a441fc3",
                "reference": "f7282c788d5636bf129c357cbd3ed86d3a441fc3",
                "shasum": ""
            },
            "type": "phpforge-module",
            "autoload": {
                "psr-0": {
                    "Main": "src/"
                }
            },
            "notification-url": "https://packagist.org/downloads/",
            "description": "Main Module",
            "time": "2016-11-19 08:48:37"
        }
    ],
    "packages-dev": [],
    "aliases": [],
    "minimum-stability": "stable",
    "stability-flags": {
        "phpforge/module-main": 20
    },
    "prefer-stable": false,
    "prefer-lowest": false,
    "platform": {
        "php": ">=5.3.3"
    },
    "platform-dev": []
}
