{
    "_readme": [
        "This file locks the dependencies of your project to a known state",
        "Read more about it at https://getcomposer.org/doc/01-basic-usage.md#composer-lock-the-lock-file",
        "This file is @generated automatically"
    ],
    "hash": "ed9c0b0f8e1fc27283bb2b9b90a5dfae",
    "content-hash": "ca767767c75cf2b1c89c4ae774416bb3",
    "packages": [
        {
            "name": "phpforge/application",
            "version": "0.0.20",
            "source": {
                "type": "git",
                "url": "https://github.com/phpforge/application.git",
                "reference": "500ea7cc27910de36bcabdc5e91f195da24bc63e"
            },
            "dist": {
                "type": "zip",
                "url": "https://api.github.com/repos/phpforge/application/zipball/500ea7cc27910de36bcabdc5e91f195da24bc63e",
                "reference": "500ea7cc27910de36bcabdc5e91f195da24bc63e",
                "shasum": ""
            },
            "require": {
                "phpforge/http": "0.0.2"
            },
            "type": "library",
            "autoload": {
                "psr-0": {
                    "Forge": "src/"
                }
            },
            "notification-url": "https://packagist.org/downloads/",
            "description": "Forge application",
            "time": "2016-11-30 22:32:06"
        },
        {
            "name": "phpforge/http",
            "version": "0.0.2",
            "source": {
                "type": "git",
                "url": "https://github.com/phpforge/http.git",
                "reference": "479ed32fe713ef0079d9f0c50fdfcddf773178cd"
            },
            "dist": {
                "type": "zip",
                "url": "https://api.github.com/repos/phpforge/http/zipball/479ed32fe713ef0079d9f0c50fdfcddf773178cd",
                "reference": "479ed32fe713ef0079d9f0c50fdfcddf773178cd",
                "shasum": ""
            },
            "type": "library",
            "autoload": {
                "psr-0": {
                    "Forge": "src/"
                }
            },
            "notification-url": "https://packagist.org/downloads/",
            "description": "Forge Http",
            "time": "2015-07-05 01:41:33"
        },
        {
            "name": "phpforge/menu",
            "version": "dev-master",
            "source": {
                "type": "git",
                "url": "https://github.com/phpforge/menu.git",
                "reference": "66b1583dbef839bbbeff30b1c873b7fb5199d04d"
            },
            "dist": {
                "type": "zip",
                "url": "https://api.github.com/repos/phpforge/menu/zipball/66b1583dbef839bbbeff30b1c873b7fb5199d04d",
                "reference": "66b1583dbef839bbbeff30b1c873b7fb5199d04d",
                "shasum": ""
            },
            "type": "library",
            "autoload": {
                "psr-0": {
                    "Forge\\Application\\Menu": "src/"
                }
            },
            "notification-url": "https://packagist.org/downloads/",
            "description": "Forge application menus",
            "time": "2016-11-26 11:36:07"
        },
        {
            "name": "phpforge/module-main",
            "version": "dev-master",
            "source": {
                "type": "git",
                "url": "https://github.com/phpforge/module-main.git",
                "reference": "f7282c788d5636bf129c357cbd3ed86d3a441fc3"
            },
            "dist": {
                "type": "zip",
                "url": "https://api.github.com/repos/phpforge/module-main/zipball/f7282c788d5636bf129c357cbd3ed86d3a441fc3",
                "reference": "f7282c788d5636bf129c357cbd3ed86d3a441fc3",
                "shasum": ""
            },
            "type": "phpforge-module",
            "autoload": {
                "psr-0": {
                    "Main": "src/"
                }
            },
            "notification-url": "https://packagist.org/downloads/",
            "description": "Main Module",
            "time": "2016-11-19 08:48:37"
        },
        {
            "name": "phpforge/uuid",
            "version": "dev-master",
            "source": {
                "type": "git",
                "url": "https://github.com/phpforge/uuid.git",
                "reference": "3e24212b7200eef2c0d000c6bc34a43f3419c55b"
            },
            "dist": {
                "type": "zip",
                "url": "https://api.github.com/repos/phpforge/uuid/zipball/3e24212b7200eef2c0d000c6bc34a43f3419c55b",
                "reference": "3e24212b7200eef2c0d000c6bc34a43f3419c55b",
                "shasum": ""
            },
            "type": "library",
            "autoload": {
                "psr-0": {
                    "Forge\\Uuid": "src/"
                }
            },
            "notification-url": "https://packagist.org/downloads/",
            "description": "Forge UUID",
            "time": "2016-11-27 09:05:24"
        }
    ],
    "packages-dev": [],
    "aliases": [],
    "minimum-stability": "dev",
    "stability-flags": {
        "phpforge/menu": 20,
        "phpforge/uuid": 20,
        "phpforge/module-main": 20
    },
    "prefer-stable": false,
    "prefer-lowest": false,
    "platform": {
        "php": ">=5.3.3"
    },
    "platform-dev": []
}
